
Microsoft Visual Studio Solution File, Format Version 12.00
# Visual Studio Version 17
VisualStudioVersion = 17.14.36414.22 d17.14
MinimumVisualStudioVersion = 10.0.40219.1
Project("{FAE04EC0-301F-11D3-BF4B-00C04F79EFBC}") = "guessANumber", "guessANumber\guessANumber.csproj", "{9076D016-8897-4875-BC92-F4490DD05E01}"
EndProject
Global
	GlobalSection(SolutionConfigurationPlatforms) = preSolution
		Debug|Any CPU = Debug|Any CPU
		Release|Any CPU = Release|Any CPU
	EndGlobalSection
	GlobalSection(ProjectConfigurationPlatforms) = postSolution
		{9076D016-8897-4875-BC92-F4490DD05E01}.Debug|Any CPU.ActiveCfg = Debug|Any CPU
		{9076D016-8897-4875-BC92-F4490DD05E01}.Debug|Any CPU.Build.0 = Debug|Any CPU
		{9076D016-8897-4875-BC92-F4490DD05E01}.Release|Any CPU.ActiveCfg = Release|Any CPU
		{9076D016-8897-4875-BC92-F4490DD05E01}.Release|Any CPU.Build.0 = Release|Any CPU
	EndGlobalSection
	GlobalSection(SolutionProperties) = preSolution
		HideSolutionNode = FALSE
	EndGlobalSection
	GlobalSection(ExtensibilityGlobals) = postSolution
		SolutionGuid = {F18BB2AF-1F74-4338-A23C-AC964B75A0B4}
	EndGlobalSection
EndGlobal
